
Microsoft Visual Studio Solution File, Format Version 12.00
# Visual Studio Version 17
VisualStudioVersion = 17.1.32421.90
MinimumVisualStudioVersion = 10.0.40219.1
Project("{888888A0-9F3D-457C-B088-3A5042F75D52}") = "SiEM", "SiEM.pyproj", "{9B227F73-5893-4AA0-8127-B44F5B72CF39}"
EndProject
Global
	GlobalSection(SolutionConfigurationPlatforms) = preSolution
		Debug|Any CPU = Debug|Any CPU
		Release|Any CPU = Release|Any CPU
	EndGlobalSection
	GlobalSection(ProjectConfigurationPlatforms) = postSolution
		{9B227F73-5893-4AA0-8127-B44F5B72CF39}.Debug|Any CPU.ActiveCfg = Debug|Any CPU
		{9B227F73-5893-4AA0-8127-B44F5B72CF39}.Release|Any CPU.ActiveCfg = Release|Any CPU
	EndGlobalSection
	GlobalSection(SolutionProperties) = preSolution
		HideSolutionNode = FALSE
	EndGlobalSection
	GlobalSection(ExtensibilityGlobals) = postSolution
		SolutionGuid = {C5E920AA-008C-491F-ACAC-9E4E2A1C62F0}
	EndGlobalSection
EndGlobal
